
Microsoft Visual Studio Solution File, Format Version 12.00
# Visual Studio Version 17
VisualStudioVersion = 17.0.31903.59
MinimumVisualStudioVersion = 10.0.40219.1
Project("{2150E333-8FDC-42A3-9474-1A3956D46DE8}") = "src", "src", "{827E0CD3-B72D-47B6-A68D-7590B98EB39B}"
EndProject
Project("{FAE04EC0-301F-11D3-BF4B-00C04F79EFBC}") = "MediaHub.App", "src\MediaHub.App\MediaHub.App.csproj", "{1CA3377D-D2CB-4F97-B94C-13251E91F735}"
EndProject
Project("{FAE04EC0-301F-11D3-BF4B-00C04F79EFBC}") = "MediaHub.Application", "src\MediaHub.Application\MediaHub.Application.csproj", "{9795F1D7-10B7-4CB2-B22E-73E358159B2A}"
EndProject
Project("{FAE04EC0-301F-11D3-BF4B-00C04F79EFBC}") = "MediaHub.Domain", "src\MediaHub.Domain\MediaHub.Domain.csproj", "{B364E675-7D70-441B-912A-FF5A477E3FFB}"
EndProject
Project("{FAE04EC0-301F-11D3-BF4B-00C04F79EFBC}") = "MediaHub.Infrastructure.Local", "src\MediaHub.Infrastructure.Local\MediaHub.Infrastructure.Local.csproj", "{CD6978C7-2EE9-4399-8BD8-459DB5E56D07}"
EndProject
Project("{FAE04EC0-301F-11D3-BF4B-00C04F79EFBC}") = "MediaHub.Infrastructure.Supabase", "src\MediaHub.Infrastructure.Supabase\MediaHub.Infrastructure.Supabase.csproj", "{5682C409-313E-46F7-A044-76323BA89F09}"
EndProject
Project("{FAE04EC0-301F-11D3-BF4B-00C04F79EFBC}") = "MediaHub.Metadata", "src\MediaHub.Metadata\MediaHub.Metadata.csproj", "{1BD1F488-95C8-490D-B355-C57A2E769612}"
EndProject
Project("{FAE04EC0-301F-11D3-BF4B-00C04F79EFBC}") = "MediaHub.Player", "src\MediaHub.Player\MediaHub.Player.csproj", "{186A2D73-7DB0-47E8-AA9F-D1228964F643}"
EndProject
Project("{FAE04EC0-301F-11D3-BF4B-00C04F79EFBC}") = "MediaHub.Plugins", "src\MediaHub.Plugins\MediaHub.Plugins.csproj", "{4A655574-709E-4C9B-B483-684E390A1ABC}"
EndProject
Project("{FAE04EC0-301F-11D3-BF4B-00C04F79EFBC}") = "MediaHub.Scanner", "src\MediaHub.Scanner\MediaHub.Scanner.csproj", "{82D6104A-DCA9-4EE3-9F1E-8382B8AF39E0}"
EndProject
Project("{FAE04EC0-301F-11D3-BF4B-00C04F79EFBC}") = "MediaHub.Shared.Contracts", "src\MediaHub.Shared.Contracts\MediaHub.Shared.Contracts.csproj", "{39189F46-EE84-4AEE-A431-6092EAB38046}"
EndProject
Project("{FAE04EC0-301F-11D3-BF4B-00C04F79EFBC}") = "MediaHub.Synchronization", "src\MediaHub.Synchronization\MediaHub.Synchronization.csproj", "{CFD21833-4591-4198-98CC-638E1687797A}"
EndProject
Project("{2150E333-8FDC-42A3-9474-1A3956D46DE8}") = "tests", "tests", "{0AB3BF05-4346-4AA6-1389-037BE0695223}"
EndProject
Project("{FAE04EC0-301F-11D3-BF4B-00C04F79EFBC}") = "MediaHub.Application.Tests", "tests\MediaHub.Application.Tests\MediaHub.Application.Tests.csproj", "{B6D18A83-8FC3-4F4E-9670-596617CF2510}"
EndProject
Project("{FAE04EC0-301F-11D3-BF4B-00C04F79EFBC}") = "MediaHub.Architecture.Tests", "tests\MediaHub.Architecture.Tests\MediaHub.Architecture.Tests.csproj", "{EC531E2B-FC6D-4C61-A5FC-7CBF17CF2AB3}"
EndProject
Project("{FAE04EC0-301F-11D3-BF4B-00C04F79EFBC}") = "MediaHub.Domain.Tests", "tests\MediaHub.Domain.Tests\MediaHub.Domain.Tests.csproj", "{4CC6FE20-9143-4B61-B66A-9F7CB0946B89}"
EndProject
Global
	GlobalSection(SolutionConfigurationPlatforms) = preSolution
		Debug|Any CPU = Debug|Any CPU
		Debug|x64 = Debug|x64
		Debug|x86 = Debug|x86
		Release|Any CPU = Release|Any CPU
		Release|x64 = Release|x64
		Release|x86 = Release|x86
	EndGlobalSection
	GlobalSection(ProjectConfigurationPlatforms) = postSolution
		{1CA3377D-D2CB-4F97-B94C-13251E91F735}.Debug|Any CPU.ActiveCfg = Debug|Any CPU
		{1CA3377D-D2CB-4F97-B94C-13251E91F735}.Debug|Any CPU.Build.0 = Debug|Any CPU
		{1CA3377D-D2CB-4F97-B94C-13251E91F735}.Debug|x64.ActiveCfg = Debug|Any CPU
		{1CA3377D-D2CB-4F97-B94C-13251E91F735}.Debug|x64.Build.0 = Debug|Any CPU
		{1CA3377D-D2CB-4F97-B94C-13251E91F735}.Debug|x86.ActiveCfg = Debug|Any CPU
		{1CA3377D-D2CB-4F97-B94C-13251E91F735}.Debug|x86.Build.0 = Debug|Any CPU
		{1CA3377D-D2CB-4F97-B94C-13251E91F735}.Release|Any CPU.ActiveCfg = Release|Any CPU
		{1CA3377D-D2CB-4F97-B94C-13251E91F735}.Release|Any CPU.Build.0 = Release|Any CPU
		{1CA3377D-D2CB-4F97-B94C-13251E91F735}.Release|x64.ActiveCfg = Release|Any CPU
		{1CA3377D-D2CB-4F97-B94C-13251E91F735}.Release|x64.Build.0 = Release|Any CPU
		{1CA3377D-D2CB-4F97-B94C-13251E91F735}.Release|x86.ActiveCfg = Release|Any CPU
		{1CA3377D-D2CB-4F97-B94C-13251E91F735}.Release|x86.Build.0 = Release|Any CPU
		{9795F1D7-10B7-4CB2-B22E-73E358159B2A}.Debug|Any CPU.ActiveCfg = Debug|Any CPU
		{9795F1D7-10B7-4CB2-B22E-73E358159B2A}.Debug|Any CPU.Build.0 = Debug|Any CPU
		{9795F1D7-10B7-4CB2-B22E-73E358159B2A}.Debug|x64.ActiveCfg = Debug|Any CPU
		{9795F1D7-10B7-4CB2-B22E-73E358159B2A}.Debug|x64.Build.0 = Debug|Any CPU
		{9795F1D7-10B7-4CB2-B22E-73E358159B2A}.Debug|x86.ActiveCfg = Debug|Any CPU
		{9795F1D7-10B7-4CB2-B22E-73E358159B2A}.Debug|x86.Build.0 = Debug|Any CPU
		{9795F1D7-10B7-4CB2-B22E-73E358159B2A}.Release|Any CPU.ActiveCfg = Release|Any CPU
		{9795F1D7-10B7-4CB2-B22E-73E358159B2A}.Release|Any CPU.Build.0 = Release|Any CPU
		{9795F1D7-10B7-4CB2-B22E-73E358159B2A}.Release|x64.ActiveCfg = Release|Any CPU
		{9795F1D7-10B7-4CB2-B22E-73E358159B2A}.Release|x64.Build.0 = Release|Any CPU
		{9795F1D7-10B7-4CB2-B22E-73E358159B2A}.Release|x86.ActiveCfg = Release|Any CPU
		{9795F1D7-10B7-4CB2-B22E-73E358159B2A}.Release|x86.Build.0 = Release|Any CPU
		{B364E675-7D70-441B-912A-FF5A477E3FFB}.Debug|Any CPU.ActiveCfg = Debug|Any CPU
		{B364E675-7D70-441B-912A-FF5A477E3FFB}.Debug|Any CPU.Build.0 = Debug|Any CPU
		{B364E675-7D70-441B-912A-FF5A477E3FFB}.Debug|x64.ActiveCfg = Debug|Any CPU
		{B364E675-7D70-441B-912A-FF5A477E3FFB}.Debug|x64.Build.0 = Debug|Any CPU
		{B364E675-7D70-441B-912A-FF5A477E3FFB}.Debug|x86.ActiveCfg = Debug|Any CPU
		{B364E675-7D70-441B-912A-FF5A477E3FFB}.Debug|x86.Build.0 = Debug|Any CPU
		{B364E675-7D70-441B-912A-FF5A477E3FFB}.Release|Any CPU.ActiveCfg = Release|Any CPU
		{B364E675-7D70-441B-912A-FF5A477E3FFB}.Release|Any CPU.Build.0 = Release|Any CPU
		{B364E675-7D70-441B-912A-FF5A477E3FFB}.Release|x64.ActiveCfg = Release|Any CPU
		{B364E675-7D70-441B-912A-FF5A477E3FFB}.Release|x64.Build.0 = Release|Any CPU
		{B364E675-7D70-441B-912A-FF5A477E3FFB}.Release|x86.ActiveCfg = Release|Any CPU
		{B364E675-7D70-441B-912A-FF5A477E3FFB}.Release|x86.Build.0 = Release|Any CPU
		{CD6978C7-2EE9-4399-8BD8-459DB5E56D07}.Debug|Any CPU.ActiveCfg = Debug|Any CPU
		{CD6978C7-2EE9-4399-8BD8-459DB5E56D07}.Debug|Any CPU.Build.0 = Debug|Any CPU
		{CD6978C7-2EE9-4399-8BD8-459DB5E56D07}.Debug|x64.ActiveCfg = Debug|Any CPU
		{CD6978C7-2EE9-4399-8BD8-459DB5E56D07}.Debug|x64.Build.0 = Debug|Any CPU
		{CD6978C7-2EE9-4399-8BD8-459DB5E56D07}.Debug|x86.ActiveCfg = Debug|Any CPU
		{CD6978C7-2EE9-4399-8BD8-459DB5E56D07}.Debug|x86.Build.0 = Debug|Any CPU
		{CD6978C7-2EE9-4399-8BD8-459DB5E56D07}.Release|Any CPU.ActiveCfg = Release|Any CPU
		{CD6978C7-2EE9-4399-8BD8-459DB5E56D07}.Release|Any CPU.Build.0 = Release|Any CPU
		{CD6978C7-2EE9-4399-8BD8-459DB5E56D07}.Release|x64.ActiveCfg = Release|Any CPU
		{CD6978C7-2EE9-4399-8BD8-459DB5E56D07}.Release|x64.Build.0 = Release|Any CPU
		{CD6978C7-2EE9-4399-8BD8-459DB5E56D07}.Release|x86.ActiveCfg = Release|Any CPU
		{CD6978C7-2EE9-4399-8BD8-459DB5E56D07}.Release|x86.Build.0 = Release|Any CPU
		{5682C409-313E-46F7-A044-76323BA89F09}.Debug|Any CPU.ActiveCfg = Debug|Any CPU
		{5682C409-313E-46F7-A044-76323BA89F09}.Debug|Any CPU.Build.0 = Debug|Any CPU
		{5682C409-313E-46F7-A044-76323BA89F09}.Debug|x64.ActiveCfg = Debug|Any CPU
		{5682C409-313E-46F7-A044-76323BA89F09}.Debug|x64.Build.0 = Debug|Any CPU
		{5682C409-313E-46F7-A044-76323BA89F09}.Debug|x86.ActiveCfg = Debug|Any CPU
		{5682C409-313E-46F7-A044-76323BA89F09}.Debug|x86.Build.0 = Debug|Any CPU
		{5682C409-313E-46F7-A044-76323BA89F09}.Release|Any CPU.ActiveCfg = Release|Any CPU
		{5682C409-313E-46F7-A044-76323BA89F09}.Release|Any CPU.Build.0 = Release|Any CPU
		{5682C409-313E-46F7-A044-76323BA89F09}.Release|x64.ActiveCfg = Release|Any CPU
		{5682C409-313E-46F7-A044-76323BA89F09}.Release|x64.Build.0 = Release|Any CPU
		{5682C409-313E-46F7-A044-76323BA89F09}.Release|x86.ActiveCfg = Release|Any CPU
		{5682C409-313E-46F7-A044-76323BA89F09}.Release|x86.Build.0 = Release|Any CPU
		{1BD1F488-95C8-490D-B355-C57A2E769612}.Debug|Any CPU.ActiveCfg = Debug|Any CPU
		{1BD1F488-95C8-490D-B355-C57A2E769612}.Debug|Any CPU.Build.0 = Debug|Any CPU
		{1BD1F488-95C8-490D-B355-C57A2E769612}.Debug|x64.ActiveCfg = Debug|Any CPU
		{1BD1F488-95C8-490D-B355-C57A2E769612}.Debug|x64.Build.0 = Debug|Any CPU
		{1BD1F488-95C8-490D-B355-C57A2E769612}.Debug|x86.ActiveCfg = Debug|Any CPU
		{1BD1F488-95C8-490D-B355-C57A2E769612}.Debug|x86.Build.0 = Debug|Any CPU
		{1BD1F488-95C8-490D-B355-C57A2E769612}.Release|Any CPU.ActiveCfg = Release|Any CPU
		{1BD1F488-95C8-490D-B355-C57A2E769612}.Release|Any CPU.Build.0 = Release|Any CPU
		{1BD1F488-95C8-490D-B355-C57A2E769612}.Release|x64.ActiveCfg = Release|Any CPU
		{1BD1F488-95C8-490D-B355-C57A2E769612}.Release|x64.Build.0 = Release|Any CPU
		{1BD1F488-95C8-490D-B355-C57A2E769612}.Release|x86.ActiveCfg = Release|Any CPU
		{1BD1F488-95C8-490D-B355-C57A2E769612}.Release|x86.Build.0 = Release|Any CPU
		{186A2D73-7DB0-47E8-AA9F-D1228964F643}.Debug|Any CPU.ActiveCfg = Debug|Any CPU
		{186A2D73-7DB0-47E8-AA9F-D1228964F643}.Debug|Any CPU.Build.0 = Debug|Any CPU
		{186A2D73-7DB0-47E8-AA9F-D1228964F643}.Debug|x64.ActiveCfg = Debug|Any CPU
		{186A2D73-7DB0-47E8-AA9F-D1228964F643}.Debug|x64.Build.0 = Debug|Any CPU
		{186A2D73-7DB0-47E8-AA9F-D1228964F643}.Debug|x86.ActiveCfg = Debug|Any CPU
		{186A2D73-7DB0-47E8-AA9F-D1228964F643}.Debug|x86.Build.0 = Debug|Any CPU
		{186A2D73-7DB0-47E8-AA9F-D1228964F643}.Release|Any CPU.ActiveCfg = Release|Any CPU
		{186A2D73-7DB0-47E8-AA9F-D1228964F643}.Release|Any CPU.Build.0 = Release|Any CPU
		{186A2D73-7DB0-47E8-AA9F-D1228964F643}.Release|x64.ActiveCfg = Release|Any CPU
		{186A2D73-7DB0-47E8-AA9F-D1228964F643}.Release|x64.Build.0 = Release|Any CPU
		{186A2D73-7DB0-47E8-AA9F-D1228964F643}.Release|x86.ActiveCfg = Release|Any CPU
		{186A2D73-7DB0-47E8-AA9F-D1228964F643}.Release|x86.Build.0 = Release|Any CPU
		{4A655574-709E-4C9B-B483-684E390A1ABC}.Debug|Any CPU.ActiveCfg = Debug|Any CPU
		{4A655574-709E-4C9B-B483-684E390A1ABC}.Debug|Any CPU.Build.0 = Debug|Any CPU
		{4A655574-709E-4C9B-B483-684E390A1ABC}.Debug|x64.ActiveCfg = Debug|Any CPU
		{4A655574-709E-4C9B-B483-684E390A1ABC}.Debug|x64.Build.0 = Debug|Any CPU
		{4A655574-709E-4C9B-B483-684E390A1ABC}.Debug|x86.ActiveCfg = Debug|Any CPU
		{4A655574-709E-4C9B-B483-684E390A1ABC}.Debug|x86.Build.0 = Debug|Any CPU
		{4A655574-709E-4C9B-B483-684E390A1ABC}.Release|Any CPU.ActiveCfg = Release|Any CPU
		{4A655574-709E-4C9B-B483-684E390A1ABC}.Release|Any CPU.Build.0 = Release|Any CPU
		{4A655574-709E-4C9B-B483-684E390A1ABC}.Release|x64.ActiveCfg = Release|Any CPU
		{4A655574-709E-4C9B-B483-684E390A1ABC}.Release|x64.Build.0 = Release|Any CPU
		{4A655574-709E-4C9B-B483-684E390A1ABC}.Release|x86.ActiveCfg = Release|Any CPU
		{4A655574-709E-4C9B-B483-684E390A1ABC}.Release|x86.Build.0 = Release|Any CPU
		{82D6104A-DCA9-4EE3-9F1E-8382B8AF39E0}.Debug|Any CPU.ActiveCfg = Debug|Any CPU
		{82D6104A-DCA9-4EE3-9F1E-8382B8AF39E0}.Debug|Any CPU.Build.0 = Debug|Any CPU
		{82D6104A-DCA9-4EE3-9F1E-8382B8AF39E0}.Debug|x64.ActiveCfg = Debug|Any CPU
		{82D6104A-DCA9-4EE3-9F1E-8382B8AF39E0}.Debug|x64.Build.0 = Debug|Any CPU
		{82D6104A-DCA9-4EE3-9F1E-8382B8AF39E0}.Debug|x86.ActiveCfg = Debug|Any CPU
		{82D6104A-DCA9-4EE3-9F1E-8382B8AF39E0}.Debug|x86.Build.0 = Debug|Any CPU
		{82D6104A-DCA9-4EE3-9F1E-8382B8AF39E0}.Release|Any CPU.ActiveCfg = Release|Any CPU
		{82D6104A-DCA9-4EE3-9F1E-8382B8AF39E0}.Release|Any CPU.Build.0 = Release|Any CPU
		{82D6104A-DCA9-4EE3-9F1E-8382B8AF39E0}.Release|x64.ActiveCfg = Release|Any CPU
		{82D6104A-DCA9-4EE3-9F1E-8382B8AF39E0}.Release|x64.Build.0 = Release|Any CPU
		{82D6104A-DCA9-4EE3-9F1E-8382B8AF39E0}.Release|x86.ActiveCfg = Release|Any CPU
		{82D6104A-DCA9-4EE3-9F1E-8382B8AF39E0}.Release|x86.Build.0 = Release|Any CPU
		{39189F46-EE84-4AEE-A431-6092EAB38046}.Debug|Any CPU.ActiveCfg = Debug|Any CPU
		{39189F46-EE84-4AEE-A431-6092EAB38046}.Debug|Any CPU.Build.0 = Debug|Any CPU
		{39189F46-EE84-4AEE-A431-6092EAB38046}.Debug|x64.ActiveCfg = Debug|Any CPU
		{39189F46-EE84-4AEE-A431-6092EAB38046}.Debug|x64.Build.0 = Debug|Any CPU
		{39189F46-EE84-4AEE-A431-6092EAB38046}.Debug|x86.ActiveCfg = Debug|Any CPU
		{39189F46-EE84-4AEE-A431-6092EAB38046}.Debug|x86.Build.0 = Debug|Any CPU
		{39189F46-EE84-4AEE-A431-6092EAB38046}.Release|Any CPU.ActiveCfg = Release|Any CPU
		{39189F46-EE84-4AEE-A431-6092EAB38046}.Release|Any CPU.Build.0 = Release|Any CPU
		{39189F46-EE84-4AEE-A431-6092EAB38046}.Release|x64.ActiveCfg = Release|Any CPU
		{39189F46-EE84-4AEE-A431-6092EAB38046}.Release|x64.Build.0 = Release|Any CPU
		{39189F46-EE84-4AEE-A431-6092EAB38046}.Release|x86.ActiveCfg = Release|Any CPU
		{39189F46-EE84-4AEE-A431-6092EAB38046}.Release|x86.Build.0 = Release|Any CPU
		{CFD21833-4591-4198-98CC-638E1687797A}.Debug|Any CPU.ActiveCfg = Debug|Any CPU
		{CFD21833-4591-4198-98CC-638E1687797A}.Debug|Any CPU.Build.0 = Debug|Any CPU
		{CFD21833-4591-4198-98CC-638E1687797A}.Debug|x64.ActiveCfg = Debug|Any CPU
		{CFD21833-4591-4198-98CC-638E1687797A}.Debug|x64.Build.0 = Debug|Any CPU
		{CFD21833-4591-4198-98CC-638E1687797A}.Debug|x86.ActiveCfg = Debug|Any CPU
		{CFD21833-4591-4198-98CC-638E1687797A}.Debug|x86.Build.0 = Debug|Any CPU
		{CFD21833-4591-4198-98CC-638E1687797A}.Release|Any CPU.ActiveCfg = Release|Any CPU
		{CFD21833-4591-4198-98CC-638E1687797A}.Release|Any CPU.Build.0 = Release|Any CPU
		{CFD21833-4591-4198-98CC-638E1687797A}.Release|x64.ActiveCfg = Release|Any CPU
		{CFD21833-4591-4198-98CC-638E1687797A}.Release|x64.Build.0 = Release|Any CPU
		{CFD21833-4591-4198-98CC-638E1687797A}.Release|x86.ActiveCfg = Release|Any CPU
		{CFD21833-4591-4198-98CC-638E1687797A}.Release|x86.Build.0 = Release|Any CPU
		{B6D18A83-8FC3-4F4E-9670-596617CF2510}.Debug|Any CPU.ActiveCfg = Debug|Any CPU
		{B6D18A83-8FC3-4F4E-9670-596617CF2510}.Debug|Any CPU.Build.0 = Debug|Any CPU
		{B6D18A83-8FC3-4F4E-9670-596617CF2510}.Debug|x64.ActiveCfg = Debug|Any CPU
		{B6D18A83-8FC3-4F4E-9670-596617CF2510}.Debug|x64.Build.0 = Debug|Any CPU
		{B6D18A83-8FC3-4F4E-9670-596617CF2510}.Debug|x86.ActiveCfg = Debug|Any CPU
		{B6D18A83-8FC3-4F4E-9670-596617CF2510}.Debug|x86.Build.0 = Debug|Any CPU
		{B6D18A83-8FC3-4F4E-9670-596617CF2510}.Release|Any CPU.ActiveCfg = Release|Any CPU
		{B6D18A83-8FC3-4F4E-9670-596617CF2510}.Release|Any CPU.Build.0 = Release|Any CPU
		{B6D18A83-8FC3-4F4E-9670-596617CF2510}.Release|x64.ActiveCfg = Release|Any CPU
		{B6D18A83-8FC3-4F4E-9670-596617CF2510}.Release|x64.Build.0 = Release|Any CPU
		{B6D18A83-8FC3-4F4E-9670-596617CF2510}.Release|x86.ActiveCfg = Release|Any CPU
		{B6D18A83-8FC3-4F4E-9670-596617CF2510}.Release|x86.Build.0 = Release|Any CPU
		{EC531E2B-FC6D-4C61-A5FC-7CBF17CF2AB3}.Debug|Any CPU.ActiveCfg = Debug|Any CPU
		{EC531E2B-FC6D-4C61-A5FC-7CBF17CF2AB3}.Debug|Any CPU.Build.0 = Debug|Any CPU
		{EC531E2B-FC6D-4C61-A5FC-7CBF17CF2AB3}.Debug|x64.ActiveCfg = Debug|Any CPU
		{EC531E2B-FC6D-4C61-A5FC-7CBF17CF2AB3}.Debug|x64.Build.0 = Debug|Any CPU
		{EC531E2B-FC6D-4C61-A5FC-7CBF17CF2AB3}.Debug|x86.ActiveCfg = Debug|Any CPU
		{EC531E2B-FC6D-4C61-A5FC-7CBF17CF2AB3}.Debug|x86.Build.0 = Debug|Any CPU
		{EC531E2B-FC6D-4C61-A5FC-7CBF17CF2AB3}.Release|Any CPU.ActiveCfg = Release|Any CPU
		{EC531E2B-FC6D-4C61-A5FC-7CBF17CF2AB3}.Release|Any CPU.Build.0 = Release|Any CPU
		{EC531E2B-FC6D-4C61-A5FC-7CBF17CF2AB3}.Release|x64.ActiveCfg = Release|Any CPU
		{EC531E2B-FC6D-4C61-A5FC-7CBF17CF2AB3}.Release|x64.Build.0 = Release|Any CPU
		{EC531E2B-FC6D-4C61-A5FC-7CBF17CF2AB3}.Release|x86.ActiveCfg = Release|Any CPU
		{EC531E2B-FC6D-4C61-A5FC-7CBF17CF2AB3}.Release|x86.Build.0 = Release|Any CPU
		{4CC6FE20-9143-4B61-B66A-9F7CB0946B89}.Debug|Any CPU.ActiveCfg = Debug|Any CPU
		{4CC6FE20-9143-4B61-B66A-9F7CB0946B89}.Debug|Any CPU.Build.0 = Debug|Any CPU
		{4CC6FE20-9143-4B61-B66A-9F7CB0946B89}.Debug|x64.ActiveCfg = Debug|Any CPU
		{4CC6FE20-9143-4B61-B66A-9F7CB0946B89}.Debug|x64.Build.0 = Debug|Any CPU
		{4CC6FE20-9143-4B61-B66A-9F7CB0946B89}.Debug|x86.ActiveCfg = Debug|Any CPU
		{4CC6FE20-9143-4B61-B66A-9F7CB0946B89}.Debug|x86.Build.0 = Debug|Any CPU
		{4CC6FE20-9143-4B61-B66A-9F7CB0946B89}.Release|Any CPU.ActiveCfg = Release|Any CPU
		{4CC6FE20-9143-4B61-B66A-9F7CB0946B89}.Release|Any CPU.Build.0 = Release|Any CPU
		{4CC6FE20-9143-4B61-B66A-9F7CB0946B89}.Release|x64.ActiveCfg = Release|Any CPU
		{4CC6FE20-9143-4B61-B66A-9F7CB0946B89}.Release|x64.Build.0 = Release|Any CPU
		{4CC6FE20-9143-4B61-B66A-9F7CB0946B89}.Release|x86.ActiveCfg = Release|Any CPU
		{4CC6FE20-9143-4B61-B66A-9F7CB0946B89}.Release|x86.Build.0 = Release|Any CPU
	EndGlobalSection
	GlobalSection(SolutionProperties) = preSolution
		HideSolutionNode = FALSE
	EndGlobalSection
	GlobalSection(NestedProjects) = preSolution
		{1CA3377D-D2CB-4F97-B94C-13251E91F735} = {827E0CD3-B72D-47B6-A68D-7590B98EB39B}
		{9795F1D7-10B7-4CB2-B22E-73E358159B2A} = {827E0CD3-B72D-47B6-A68D-7590B98EB39B}
		{B364E675-7D70-441B-912A-FF5A477E3FFB} = {827E0CD3-B72D-47B6-A68D-7590B98EB39B}
		{CD6978C7-2EE9-4399-8BD8-459DB5E56D07} = {827E0CD3-B72D-47B6-A68D-7590B98EB39B}
		{5682C409-313E-46F7-A044-76323BA89F09} = {827E0CD3-B72D-47B6-A68D-7590B98EB39B}
		{1BD1F488-95C8-490D-B355-C57A2E769612} = {827E0CD3-B72D-47B6-A68D-7590B98EB39B}
		{186A2D73-7DB0-47E8-AA9F-D1228964F643} = {827E0CD3-B72D-47B6-A68D-7590B98EB39B}
		{4A655574-709E-4C9B-B483-684E390A1ABC} = {827E0CD3-B72D-47B6-A68D-7590B98EB39B}
		{82D6104A-DCA9-4EE3-9F1E-8382B8AF39E0} = {827E0CD3-B72D-47B6-A68D-7590B98EB39B}
		{39189F46-EE84-4AEE-A431-6092EAB38046} = {827E0CD3-B72D-47B6-A68D-7590B98EB39B}
		{CFD21833-4591-4198-98CC-638E1687797A} = {827E0CD3-B72D-47B6-A68D-7590B98EB39B}
		{B6D18A83-8FC3-4F4E-9670-596617CF2510} = {0AB3BF05-4346-4AA6-1389-037BE0695223}
		{EC531E2B-FC6D-4C61-A5FC-7CBF17CF2AB3} = {0AB3BF05-4346-4AA6-1389-037BE0695223}
		{4CC6FE20-9143-4B61-B66A-9F7CB0946B89} = {0AB3BF05-4346-4AA6-1389-037BE0695223}
	EndGlobalSection
EndGlobal
